{
  "requires": true,
  "lockfileVersion": 1,
  "dependencies": {
    "dictionary-pt": {
      "version": "2.0.1",
      "resolved": "https://registry.npmjs.org/dictionary-pt/-/dictionary-pt-2.0.1.tgz",
      "integrity": "sha512-DmZ2mF6aF/523yKkethhA3gpQ9Kwp8/dv6H1/naWvxzjV1Csf5k3tHYTskQihWPpf+sYF5Z3rcl2waRi+aWbOg=="
    }
  }
}
